
Microsoft Visual Studio Solution File, Format Version 12.00
# Visual Studio Version 17
VisualStudioVersion = 17.4.32916.344
MinimumVisualStudioVersion = 10.0.40219.1
Project("{9A19103F-16F7-4668-BE54-9A1E7A4F7556}") = "VKTestTask", "VKTestTask\VKTestTask.csproj", "{5AF26624-8C47-4BA2-B8DB-B3B4AF9BEC9A}"
EndProject
Project("{FAE04EC0-301F-11D3-BF4B-00C04F79EFBC}") = "VKTestTask.Tests", "VKTestTask.Tests\VKTestTask.Tests.csproj", "{C1E41CAE-693A-4047-85DB-2BF069EAD1B3}"
EndProject
Global
	GlobalSection(SolutionConfigurationPlatforms) = preSolution
		Debug|Any CPU = Debug|Any CPU
		Release|Any CPU = Release|Any CPU
	EndGlobalSection
	GlobalSection(ProjectConfigurationPlatforms) = postSolution
		{5AF26624-8C47-4BA2-B8DB-B3B4AF9BEC9A}.Debug|Any CPU.ActiveCfg = Debug|Any CPU
		{5AF26624-8C47-4BA2-B8DB-B3B4AF9BEC9A}.Debug|Any CPU.Build.0 = Debug|Any CPU
		{5AF26624-8C47-4BA2-B8DB-B3B4AF9BEC9A}.Release|Any CPU.ActiveCfg = Release|Any CPU
		{5AF26624-8C47-4BA2-B8DB-B3B4AF9BEC9A}.Release|Any CPU.Build.0 = Release|Any CPU
		{C1E41CAE-693A-4047-85DB-2BF069EAD1B3}.Debug|Any CPU.ActiveCfg = Debug|Any CPU
		{C1E41CAE-693A-4047-85DB-2BF069EAD1B3}.Debug|Any CPU.Build.0 = Debug|Any CPU
		{C1E41CAE-693A-4047-85DB-2BF069EAD1B3}.Release|Any CPU.ActiveCfg = Release|Any CPU
		{C1E41CAE-693A-4047-85DB-2BF069EAD1B3}.Release|Any CPU.Build.0 = Release|Any CPU
	EndGlobalSection
	GlobalSection(SolutionProperties) = preSolution
		HideSolutionNode = FALSE
	EndGlobalSection
	GlobalSection(ExtensibilityGlobals) = postSolution
		SolutionGuid = {067F5352-5601-4656-B5FD-B0CCC08DD49E}
	EndGlobalSection
EndGlobal
